
Microsoft Visual Studio Solution File, Format Version 12.00
# Visual Studio Version 17
VisualStudioVersion = 17.9.34714.143
MinimumVisualStudioVersion = 10.0.40219.1
Project("{FAE04EC0-301F-11D3-BF4B-00C04F79EFBC}") = "TPWinForm_equipo-x", "TPWinForm_equipo-x\TPWinForm_equipo-x.csproj", "{B0113958-9514-4F8F-A24A-7EAE380B982A}"
EndProject
Project("{2150E333-8FDC-42A3-9474-1A3956D46DE8}") = "Elementos de la solución", "Elementos de la solución", "{2DDCE002-5CAF-48E8-8C04-5C72DC43BDAA}"
	ProjectSection(SolutionItems) = preProject
		.gitignore = .gitignore
	EndProjectSection
EndProject
Project("{9A19103F-16F7-4668-BE54-9A1E7A4F7556}") = "dominio", "dominio\dominio.csproj", "{89019C92-BAF1-49DB-880C-DC5B123D2081}"
EndProject
Project("{FAE04EC0-301F-11D3-BF4B-00C04F79EFBC}") = "negocio", "negocio\negocio.csproj", "{F70D3156-8A27-41CC-AE85-AB96C85E96E9}"
EndProject
Global
	GlobalSection(SolutionConfigurationPlatforms) = preSolution
		Debug|Any CPU = Debug|Any CPU
		Release|Any CPU = Release|Any CPU
	EndGlobalSection
	GlobalSection(ProjectConfigurationPlatforms) = postSolution
		{B0113958-9514-4F8F-A24A-7EAE380B982A}.Debug|Any CPU.ActiveCfg = Debug|Any CPU
		{B0113958-9514-4F8F-A24A-7EAE380B982A}.Debug|Any CPU.Build.0 = Debug|Any CPU
		{B0113958-9514-4F8F-A24A-7EAE380B982A}.Release|Any CPU.ActiveCfg = Release|Any CPU
		{B0113958-9514-4F8F-A24A-7EAE380B982A}.Release|Any CPU.Build.0 = Release|Any CPU
		{89019C92-BAF1-49DB-880C-DC5B123D2081}.Debug|Any CPU.ActiveCfg = Debug|Any CPU
		{89019C92-BAF1-49DB-880C-DC5B123D2081}.Debug|Any CPU.Build.0 = Debug|Any CPU
		{89019C92-BAF1-49DB-880C-DC5B123D2081}.Release|Any CPU.ActiveCfg = Release|Any CPU
		{89019C92-BAF1-49DB-880C-DC5B123D2081}.Release|Any CPU.Build.0 = Release|Any CPU
		{F70D3156-8A27-41CC-AE85-AB96C85E96E9}.Debug|Any CPU.ActiveCfg = Debug|Any CPU
		{F70D3156-8A27-41CC-AE85-AB96C85E96E9}.Debug|Any CPU.Build.0 = Debug|Any CPU
		{F70D3156-8A27-41CC-AE85-AB96C85E96E9}.Release|Any CPU.ActiveCfg = Release|Any CPU
		{F70D3156-8A27-41CC-AE85-AB96C85E96E9}.Release|Any CPU.Build.0 = Release|Any CPU
	EndGlobalSection
	GlobalSection(SolutionProperties) = preSolution
		HideSolutionNode = FALSE
	EndGlobalSection
	GlobalSection(ExtensibilityGlobals) = postSolution
		SolutionGuid = {E4FC72D5-F9D3-48A9-9E63-33826052DC6E}
	EndGlobalSection
EndGlobal
